
Microsoft Visual Studio Solution File, Format Version 12.00
# Visual Studio Version 17
VisualStudioVersion = 17.11.35111.106
MinimumVisualStudioVersion = 10.0.40219.1
Project("{8BC9CEB8-8B4A-11D0-8D11-00A0C91BC942}") = "mysqlppexe", "mysqlppexe\mysqlppexe.vcxproj", "{3D01CD0E-CE33-45DF-9D64-EC4540A87AD2}"
	ProjectSection(ProjectDependencies) = postProject
		{25E75809-DD5A-4522-8978-38D9986E966E} = {25E75809-DD5A-4522-8978-38D9986E966E}
	EndProjectSection
EndProject
Project("{8BC9CEB8-8B4A-11D0-8D11-00A0C91BC942}") = "Base", "Base\Base.vcxproj", "{25E75809-DD5A-4522-8978-38D9986E966E}"
EndProject
Project("{8BC9CEB8-8B4A-11D0-8D11-00A0C91BC942}") = "cpp-redis", "cpp-redis\cpp-redis.vcxproj", "{9D5F3E02-7D31-4698-A6D1-12723E00CEAA}"
EndProject
Project("{8BC9CEB8-8B4A-11D0-8D11-00A0C91BC942}") = "boost_redis", "boost_redis\boost_redis.vcxproj", "{CB5056F5-1E7B-4F6B-8CC7-1E927AB5E6C4}"
EndProject
Project("{8BC9CEB8-8B4A-11D0-8D11-00A0C91BC942}") = "my_hiredis", "my_hiredis\my_hiredis.vcxproj", "{BE15FAEA-610E-45F7-8E7E-FA1B2E8AC5D8}"
	ProjectSection(ProjectDependencies) = postProject
		{25E75809-DD5A-4522-8978-38D9986E966E} = {25E75809-DD5A-4522-8978-38D9986E966E}
	EndProjectSection
EndProject
Project("{8BC9CEB8-8B4A-11D0-8D11-00A0C91BC942}") = "net", "net\net.vcxproj", "{1F313948-B19E-435D-B270-80C42A5F74BD}"
EndProject
Project("{8BC9CEB8-8B4A-11D0-8D11-00A0C91BC942}") = "Shared", "Shared\Shared.vcxproj", "{8FB149D1-0AE8-451C-98B5-4EF83F8109CE}"
EndProject
Project("{2150E333-8FDC-42A3-9474-1A3956D46DE8}") = "Chat", "Chat", "{24C60E65-BFAB-4B1D-9A03-7695EC5A12E1}"
EndProject
Project("{8BC9CEB8-8B4A-11D0-8D11-00A0C91BC942}") = "ChatClient", "Chat\ChatClient\ChatClient.vcxproj", "{548C7469-20C4-4482-BA00-6CCD38CE3852}"
EndProject
Project("{8BC9CEB8-8B4A-11D0-8D11-00A0C91BC942}") = "server1", "Chat\server1\server1.vcxproj", "{00391F3F-2AAA-450F-A81F-309BA79B9FFB}"
EndProject
Project("{2150E333-8FDC-42A3-9474-1A3956D46DE8}") = "demos", "demos", "{3168EFCE-0271-4B3D-8CE7-03418E7762BB}"
EndProject
Project("{8BC9CEB8-8B4A-11D0-8D11-00A0C91BC942}") = "Encrypt", "demos\Encrypt\Encrypt.vcxproj", "{1202F213-A0AE-426D-A021-6FBC025B57AA}"
EndProject
Global
	GlobalSection(SolutionConfigurationPlatforms) = preSolution
		Debug|x64 = Debug|x64
		Debug|x86 = Debug|x86
		Release|x64 = Release|x64
		Release|x86 = Release|x86
	EndGlobalSection
	GlobalSection(ProjectConfigurationPlatforms) = postSolution
		{3D01CD0E-CE33-45DF-9D64-EC4540A87AD2}.Debug|x64.ActiveCfg = Debug|x64
		{3D01CD0E-CE33-45DF-9D64-EC4540A87AD2}.Debug|x64.Build.0 = Debug|x64
		{3D01CD0E-CE33-45DF-9D64-EC4540A87AD2}.Debug|x86.ActiveCfg = Debug|Win32
		{3D01CD0E-CE33-45DF-9D64-EC4540A87AD2}.Debug|x86.Build.0 = Debug|Win32
		{3D01CD0E-CE33-45DF-9D64-EC4540A87AD2}.Release|x64.ActiveCfg = Release|x64
		{3D01CD0E-CE33-45DF-9D64-EC4540A87AD2}.Release|x64.Build.0 = Release|x64
		{3D01CD0E-CE33-45DF-9D64-EC4540A87AD2}.Release|x86.ActiveCfg = Release|Win32
		{3D01CD0E-CE33-45DF-9D64-EC4540A87AD2}.Release|x86.Build.0 = Release|Win32
		{25E75809-DD5A-4522-8978-38D9986E966E}.Debug|x64.ActiveCfg = Debug|x64
		{25E75809-DD5A-4522-8978-38D9986E966E}.Debug|x64.Build.0 = Debug|x64
		{25E75809-DD5A-4522-8978-38D9986E966E}.Debug|x86.ActiveCfg = Debug|Win32
		{25E75809-DD5A-4522-8978-38D9986E966E}.Debug|x86.Build.0 = Debug|Win32
		{25E75809-DD5A-4522-8978-38D9986E966E}.Release|x64.ActiveCfg = Release|x64
		{25E75809-DD5A-4522-8978-38D9986E966E}.Release|x64.Build.0 = Release|x64
		{25E75809-DD5A-4522-8978-38D9986E966E}.Release|x86.ActiveCfg = Release|Win32
		{25E75809-DD5A-4522-8978-38D9986E966E}.Release|x86.Build.0 = Release|Win32
		{9D5F3E02-7D31-4698-A6D1-12723E00CEAA}.Debug|x64.ActiveCfg = Debug|x64
		{9D5F3E02-7D31-4698-A6D1-12723E00CEAA}.Debug|x64.Build.0 = Debug|x64
		{9D5F3E02-7D31-4698-A6D1-12723E00CEAA}.Debug|x86.ActiveCfg = Debug|Win32
		{9D5F3E02-7D31-4698-A6D1-12723E00CEAA}.Debug|x86.Build.0 = Debug|Win32
		{9D5F3E02-7D31-4698-A6D1-12723E00CEAA}.Release|x64.ActiveCfg = Release|x64
		{9D5F3E02-7D31-4698-A6D1-12723E00CEAA}.Release|x64.Build.0 = Release|x64
		{9D5F3E02-7D31-4698-A6D1-12723E00CEAA}.Release|x86.ActiveCfg = Release|Win32
		{9D5F3E02-7D31-4698-A6D1-12723E00CEAA}.Release|x86.Build.0 = Release|Win32
		{CB5056F5-1E7B-4F6B-8CC7-1E927AB5E6C4}.Debug|x64.ActiveCfg = Debug|x64
		{CB5056F5-1E7B-4F6B-8CC7-1E927AB5E6C4}.Debug|x64.Build.0 = Debug|x64
		{CB5056F5-1E7B-4F6B-8CC7-1E927AB5E6C4}.Debug|x86.ActiveCfg = Debug|Win32
		{CB5056F5-1E7B-4F6B-8CC7-1E927AB5E6C4}.Debug|x86.Build.0 = Debug|Win32
		{CB5056F5-1E7B-4F6B-8CC7-1E927AB5E6C4}.Release|x64.ActiveCfg = Release|x64
		{CB5056F5-1E7B-4F6B-8CC7-1E927AB5E6C4}.Release|x64.Build.0 = Release|x64
		{CB5056F5-1E7B-4F6B-8CC7-1E927AB5E6C4}.Release|x86.ActiveCfg = Release|Win32
		{CB5056F5-1E7B-4F6B-8CC7-1E927AB5E6C4}.Release|x86.Build.0 = Release|Win32
		{BE15FAEA-610E-45F7-8E7E-FA1B2E8AC5D8}.Debug|x64.ActiveCfg = Debug|x64
		{BE15FAEA-610E-45F7-8E7E-FA1B2E8AC5D8}.Debug|x64.Build.0 = Debug|x64
		{BE15FAEA-610E-45F7-8E7E-FA1B2E8AC5D8}.Debug|x86.ActiveCfg = Debug|Win32
		{BE15FAEA-610E-45F7-8E7E-FA1B2E8AC5D8}.Debug|x86.Build.0 = Debug|Win32
		{BE15FAEA-610E-45F7-8E7E-FA1B2E8AC5D8}.Release|x64.ActiveCfg = Release|x64
		{BE15FAEA-610E-45F7-8E7E-FA1B2E8AC5D8}.Release|x64.Build.0 = Release|x64
		{BE15FAEA-610E-45F7-8E7E-FA1B2E8AC5D8}.Release|x86.ActiveCfg = Release|Win32
		{BE15FAEA-610E-45F7-8E7E-FA1B2E8AC5D8}.Release|x86.Build.0 = Release|Win32
		{1F313948-B19E-435D-B270-80C42A5F74BD}.Debug|x64.ActiveCfg = Debug|x64
		{1F313948-B19E-435D-B270-80C42A5F74BD}.Debug|x64.Build.0 = Debug|x64
		{1F313948-B19E-435D-B270-80C42A5F74BD}.Debug|x86.ActiveCfg = Debug|Win32
		{1F313948-B19E-435D-B270-80C42A5F74BD}.Debug|x86.Build.0 = Debug|Win32
		{1F313948-B19E-435D-B270-80C42A5F74BD}.Release|x64.ActiveCfg = Release|x64
		{1F313948-B19E-435D-B270-80C42A5F74BD}.Release|x64.Build.0 = Release|x64
		{1F313948-B19E-435D-B270-80C42A5F74BD}.Release|x86.ActiveCfg = Release|Win32
		{1F313948-B19E-435D-B270-80C42A5F74BD}.Release|x86.Build.0 = Release|Win32
		{8FB149D1-0AE8-451C-98B5-4EF83F8109CE}.Debug|x64.ActiveCfg = Debug|x64
		{8FB149D1-0AE8-451C-98B5-4EF83F8109CE}.Debug|x64.Build.0 = Debug|x64
		{8FB149D1-0AE8-451C-98B5-4EF83F8109CE}.Debug|x86.ActiveCfg = Debug|Win32
		{8FB149D1-0AE8-451C-98B5-4EF83F8109CE}.Debug|x86.Build.0 = Debug|Win32
		{8FB149D1-0AE8-451C-98B5-4EF83F8109CE}.Release|x64.ActiveCfg = Release|x64
		{8FB149D1-0AE8-451C-98B5-4EF83F8109CE}.Release|x64.Build.0 = Release|x64
		{8FB149D1-0AE8-451C-98B5-4EF83F8109CE}.Release|x86.ActiveCfg = Release|Win32
		{8FB149D1-0AE8-451C-98B5-4EF83F8109CE}.Release|x86.Build.0 = Release|Win32
		{548C7469-20C4-4482-BA00-6CCD38CE3852}.Debug|x64.ActiveCfg = Debug|x64
		{548C7469-20C4-4482-BA00-6CCD38CE3852}.Debug|x64.Build.0 = Debug|x64
		{548C7469-20C4-4482-BA00-6CCD38CE3852}.Debug|x86.ActiveCfg = Debug|Win32
		{548C7469-20C4-4482-BA00-6CCD38CE3852}.Debug|x86.Build.0 = Debug|Win32
		{548C7469-20C4-4482-BA00-6CCD38CE3852}.Release|x64.ActiveCfg = Release|x64
		{548C7469-20C4-4482-BA00-6CCD38CE3852}.Release|x64.Build.0 = Release|x64
		{548C7469-20C4-4482-BA00-6CCD38CE3852}.Release|x86.ActiveCfg = Release|Win32
		{548C7469-20C4-4482-BA00-6CCD38CE3852}.Release|x86.Build.0 = Release|Win32
		{00391F3F-2AAA-450F-A81F-309BA79B9FFB}.Debug|x64.ActiveCfg = Debug|x64
		{00391F3F-2AAA-450F-A81F-309BA79B9FFB}.Debug|x64.Build.0 = Debug|x64
		{00391F3F-2AAA-450F-A81F-309BA79B9FFB}.Debug|x86.ActiveCfg = Debug|Win32
		{00391F3F-2AAA-450F-A81F-309BA79B9FFB}.Debug|x86.Build.0 = Debug|Win32
		{00391F3F-2AAA-450F-A81F-309BA79B9FFB}.Release|x64.ActiveCfg = Release|x64
		{00391F3F-2AAA-450F-A81F-309BA79B9FFB}.Release|x64.Build.0 = Release|x64
		{00391F3F-2AAA-450F-A81F-309BA79B9FFB}.Release|x86.ActiveCfg = Release|Win32
		{00391F3F-2AAA-450F-A81F-309BA79B9FFB}.Release|x86.Build.0 = Release|Win32
		{1202F213-A0AE-426D-A021-6FBC025B57AA}.Debug|x64.ActiveCfg = Debug|x64
		{1202F213-A0AE-426D-A021-6FBC025B57AA}.Debug|x64.Build.0 = Debug|x64
		{1202F213-A0AE-426D-A021-6FBC025B57AA}.Debug|x86.ActiveCfg = Debug|Win32
		{1202F213-A0AE-426D-A021-6FBC025B57AA}.Debug|x86.Build.0 = Debug|Win32
		{1202F213-A0AE-426D-A021-6FBC025B57AA}.Release|x64.ActiveCfg = Release|x64
		{1202F213-A0AE-426D-A021-6FBC025B57AA}.Release|x64.Build.0 = Release|x64
		{1202F213-A0AE-426D-A021-6FBC025B57AA}.Release|x86.ActiveCfg = Release|Win32
		{1202F213-A0AE-426D-A021-6FBC025B57AA}.Release|x86.Build.0 = Release|Win32
	EndGlobalSection
	GlobalSection(SolutionProperties) = preSolution
		HideSolutionNode = FALSE
	EndGlobalSection
	GlobalSection(NestedProjects) = preSolution
		{548C7469-20C4-4482-BA00-6CCD38CE3852} = {24C60E65-BFAB-4B1D-9A03-7695EC5A12E1}
		{00391F3F-2AAA-450F-A81F-309BA79B9FFB} = {24C60E65-BFAB-4B1D-9A03-7695EC5A12E1}
		{1202F213-A0AE-426D-A021-6FBC025B57AA} = {3168EFCE-0271-4B3D-8CE7-03418E7762BB}
	EndGlobalSection
	GlobalSection(ExtensibilityGlobals) = postSolution
		SolutionGuid = {13DE748B-85DE-43A6-8BC9-5296BAEFF971}
	EndGlobalSection
EndGlobal
